
Microsoft Visual Studio Solution File, Format Version 12.00
# Visual Studio Version 16
VisualStudioVersion = 16.0.31402.337
MinimumVisualStudioVersion = 10.0.40219.1
Project("{FAE04EC0-301F-11D3-BF4B-00C04F79EFBC}") = "PrivateTaskerAPI", "PrivateTaskerAPI\PrivateTaskerAPI.csproj", "{64A71317-D9FC-4963-9CCC-1047D600BB68}"
EndProject
Global
	GlobalSection(SolutionConfigurationPlatforms) = preSolution
		Debug|Any CPU = Debug|Any CPU
		Release|Any CPU = Release|Any CPU
	EndGlobalSection
	GlobalSection(ProjectConfigurationPlatforms) = postSolution
		{64A71317-D9FC-4963-9CCC-1047D600BB68}.Debug|Any CPU.ActiveCfg = Debug|Any CPU
		{64A71317-D9FC-4963-9CCC-1047D600BB68}.Debug|Any CPU.Build.0 = Debug|Any CPU
		{64A71317-D9FC-4963-9CCC-1047D600BB68}.Release|Any CPU.ActiveCfg = Release|Any CPU
		{64A71317-D9FC-4963-9CCC-1047D600BB68}.Release|Any CPU.Build.0 = Release|Any CPU
	EndGlobalSection
	GlobalSection(SolutionProperties) = preSolution
		HideSolutionNode = FALSE
	EndGlobalSection
	GlobalSection(ExtensibilityGlobals) = postSolution
		SolutionGuid = {C2A38310-2A20-4E3E-B0BE-10A8B630EB10}
	EndGlobalSection
EndGlobal
